
Microsoft Visual Studio Solution File, Format Version 12.00
# Visual Studio 2012
Project("{FAE04EC0-301F-11D3-BF4B-00C04F79EFBC}") = "Photobooth", "Photobooth.csproj", "{A167F0DD-8B00-4C71-BFEA-4F0F34906553}"
EndProject
Global
	GlobalSection(SolutionConfigurationPlatforms) = preSolution
		Debug|Any CPU = Debug|Any CPU
		Release|Any CPU = Release|Any CPU
	EndGlobalSection
	GlobalSection(ProjectConfigurationPlatforms) = postSolution
		{A167F0DD-8B00-4C71-BFEA-4F0F34906553}.Debug|Any CPU.ActiveCfg = Debug|Any CPU
		{A167F0DD-8B00-4C71-BFEA-4F0F34906553}.Debug|Any CPU.Build.0 = Debug|Any CPU
		{A167F0DD-8B00-4C71-BFEA-4F0F34906553}.Release|Any CPU.ActiveCfg = Release|Any CPU
		{A167F0DD-8B00-4C71-BFEA-4F0F34906553}.Release|Any CPU.Build.0 = Release|Any CPU
	EndGlobalSection
	GlobalSection(SolutionProperties) = preSolution
		HideSolutionNode = FALSE
	EndGlobalSection
EndGlobal
